
Microsoft Visual Studio Solution File, Format Version 12.00
# Visual Studio 2013
VisualStudioVersion = 12.0.40629.0
MinimumVisualStudioVersion = 10.0.40219.1
Project("{FAE04EC0-301F-11D3-BF4B-00C04F79EFBC}") = "DownloadFileInChunk", "DownloadFileInChunk\DownloadFileInChunk.csproj", "{0A2BF5AA-4B1F-4AF2-B6B7-D9FD0C4A3A5B}"
	ProjectSection(ProjectDependencies) = postProject
		{50E92D9E-F431-4FAD-930B-CE650BB25133} = {50E92D9E-F431-4FAD-930B-CE650BB25133}
	EndProjectSection
EndProject
Project("{FAE04EC0-301F-11D3-BF4B-00C04F79EFBC}") = "DownloadFileInChunk.Web", "DownloadFileInChunk.Web\DownloadFileInChunk.Web.csproj", "{50E92D9E-F431-4FAD-930B-CE650BB25133}"
EndProject
Global
	GlobalSection(SolutionConfigurationPlatforms) = preSolution
		Debug|Any CPU = Debug|Any CPU
		Release|Any CPU = Release|Any CPU
	EndGlobalSection
	GlobalSection(ProjectConfigurationPlatforms) = postSolution
		{0A2BF5AA-4B1F-4AF2-B6B7-D9FD0C4A3A5B}.Debug|Any CPU.ActiveCfg = Debug|Any CPU
		{0A2BF5AA-4B1F-4AF2-B6B7-D9FD0C4A3A5B}.Debug|Any CPU.Build.0 = Debug|Any CPU
		{0A2BF5AA-4B1F-4AF2-B6B7-D9FD0C4A3A5B}.Release|Any CPU.ActiveCfg = Release|Any CPU
		{0A2BF5AA-4B1F-4AF2-B6B7-D9FD0C4A3A5B}.Release|Any CPU.Build.0 = Release|Any CPU
		{50E92D9E-F431-4FAD-930B-CE650BB25133}.Debug|Any CPU.ActiveCfg = Debug|Any CPU
		{50E92D9E-F431-4FAD-930B-CE650BB25133}.Debug|Any CPU.Build.0 = Debug|Any CPU
		{50E92D9E-F431-4FAD-930B-CE650BB25133}.Release|Any CPU.ActiveCfg = Release|Any CPU
		{50E92D9E-F431-4FAD-930B-CE650BB25133}.Release|Any CPU.Build.0 = Release|Any CPU
	EndGlobalSection
	GlobalSection(SolutionProperties) = preSolution
		HideSolutionNode = FALSE
	EndGlobalSection
EndGlobal
